// !$*UTF8*$!
{
	archiveVersion = 1;
	classes = {
	};
	objectVersion = 48;
	objects = {

/* Begin PBXBuildFile section */
		A6CEDB992048F70800E0B04E /* AppDelegate.swift in Sources */ = {isa = PBXBuildFile; fileRef = A6CEDB982048F70800E0B04E /* AppDelegate.swift */; };
		A6CEDB9B2048F70800E0B04E /* ViewController.swift in Sources */ = {isa = PBXBuildFile; fileRef = A6CEDB9A2048F70800E0B04E /* ViewController.swift */; };
		A6CEDB9E2048F70800E0B04E /* Main.storyboard in Resources */ = {isa = PBXBuildFile; fileRef = A6CEDB9C2048F70800E0B04E /* Main.storyboard */; };
		A6CEDBA02048F70800E0B04E /* Assets.xcassets in Resources */ = {isa = PBXBuildFile; fileRef = A6CEDB9F2048F70800E0B04E /* Assets.xcassets */; };
		A6CEDBA32048F70800E0B04E /* LaunchScreen.storyboard in Resources */ = {isa = PBXBuildFile; fileRef = A6CEDBA12048F70800E0B04E /* LaunchScreen.storyboard */; };
		A6CEDBAE2048F70800E0B04E /* TDD_FizzBuzzTests.swift in Sources */ = {isa = PBXBuildFile; fileRef = A6CEDBAD2048F70800E0B04E /* TDD_FizzBuzzTests.swift */; };
		A6CEDBB92048F70800E0B04E /* TDD_FizzBuzzUITests.swift in Sources */ = {isa = PBXBuildFile; fileRef = A6CEDBB82048F70800E0B04E /* TDD_FizzBuzzUITests.swift */; };
/* End PBXBuildFile section */

/* Begin PBXContainerItemProxy section */
		A6CEDBAA2048F70800E0B04E /* PBXContainerItemProxy */ = {
			isa = PBXContainerItemProxy;
			containerPortal = A6CEDB8D2048F70700E0B04E /* Project object */;
			proxyType = 1;
			remoteGlobalIDString = A6CEDB942048F70800E0B04E;
			remoteInfo = "TDD-FizzBuzz";
		};
		A6CEDBB52048F70800E0B04E /* PBXContainerItemProxy */ = {
			isa = PBXContainerItemProxy;
			containerPortal = A6CEDB8D2048F70700E0B04E /* Project object */;
			proxyType = 1;
			remoteGlobalIDString = A6CEDB942048F70800E0B04E;
			remoteInfo = "TDD-FizzBuzz";
		};
/* End PBXContainerItemProxy section */

/* Begin PBXFileReference section */
		A6CEDB952048F70800E0B04E /* TDD-FizzBuzz.app */ = {isa = PBXFileReference; explicitFileType = wrapper.application; includeInIndex = 0; path = "TDD-FizzBuzz.app"; sourceTree = BUILT_PRODUCTS_DIR; };
		A6CEDB982048F70800E0B04E /* AppDelegate.swift */ = {isa = PBXFileReference; lastKnownFileType = sourcecode.swift; path = AppDelegate.swift; sourceTree = "<group>"; };
		A6CEDB9A2048F70800E0B04E /* ViewController.swift */ = {isa = PBXFileReference; lastKnownFileType = sourcecode.swift; path = ViewController.swift; sourceTree = "<group>"; };
		A6CEDB9D2048F70800E0B04E /* Base */ = {isa = PBXFileReference; lastKnownFileType = file.storyboard; name = Base; path = Base.lproj/Main.storyboard; sourceTree = "<group>"; };
		A6CEDB9F2048F70800E0B04E /* Assets.xcassets */ = {isa = PBXFileReference; lastKnownFileType = folder.assetcatalog; path = Assets.xcassets; sourceTree = "<group>"; };
		A6CEDBA22048F70800E0B04E /* Base */ = {isa = PBXFileReference; lastKnownFileType = file.storyboard; name = Base; path = Base.lproj/LaunchScreen.storyboard; sourceTree = "<group>"; };
		A6CEDBA42048F70800E0B04E /* Info.plist */ = {isa = PBXFileReference; lastKnownFileType = text.plist.xml; path = Info.plist; sourceTree = "<group>"; };
		A6CEDBA92048F70800E0B04E /* TDD-FizzBuzzTests.xctest */ = {isa = PBXFileReference; explicitFileType = wrapper.cfbundle; includeInIndex = 0; path = "TDD-FizzBuzzTests.xctest"; sourceTree = BUILT_PRODUCTS_DIR; };
		A6CEDBAD2048F70800E0B04E /* TDD_FizzBuzzTests.swift */ = {isa = PBXFileReference; lastKnownFileType = sourcecode.swift; path = TDD_FizzBuzzTests.swift; sourceTree = "<group>"; };
		A6CEDBAF2048F70800E0B04E /* Info.plist */ = {isa = PBXFileReference; lastKnownFileType = text.plist.xml; path = Info.plist; sourceTree = "<group>"; };
		A6CEDBB42048F70800E0B04E /* TDD-FizzBuzzUITests.xctest */ = {isa = PBXFileReference; explicitFileType = wrapper.cfbundle; includeInIndex = 0; path = "TDD-FizzBuzzUITests.xctest"; sourceTree = BUILT_PRODUCTS_DIR; };
		A6CEDBB82048F70800E0B04E /* TDD_FizzBuzzUITests.swift */ = {isa = PBXFileReference; lastKnownFileType = sourcecode.swift; path = TDD_FizzBuzzUITests.swift; sourceTree = "<group>"; };
		A6CEDBBA2048F70800E0B04E /* Info.plist */ = {isa = PBXFileReference; lastKnownFileType = text.plist.xml; path = Info.plist; sourceTree = "<group>"; };
/* End PBXFileReference section */

/* Begin PBXFrameworksBuildPhase section */
		A6CEDB922048F70800E0B04E /* Frameworks */ = {
			isa = PBXFrameworksBuildPhase;
			buildActionMask = 2147483647;
			files = (
			);
			runOnlyForDeploymentPostprocessing = 0;
		};
		A6CEDBA62048F70800E0B04E /* Frameworks */ = {
			isa = PBXFrameworksBuildPhase;
			buildActionMask = 2147483647;
			files = (
			);
			runOnlyForDeploymentPostprocessing = 0;
		};
		A6CEDBB12048F70800E0B04E /* Frameworks */ = {
			isa = PBXFrameworksBuildPhase;
			buildActionMask = 2147483647;
			files = (
			);
			runOnlyForDeploymentPostprocessing = 0;
		};
/* End PBXFrameworksBuildPhase section */

/* Begin PBXGroup section */
		A6CEDB8C2048F70700E0B04E = {
			isa = PBXGroup;
			children = (
				A6CEDB972048F70800E0B04E /* TDD-FizzBuzz */,
				A6CEDBAC2048F70800E0B04E /* TDD-FizzBuzzTests */,
				A6CEDBB72048F70800E0B04E /* TDD-FizzBuzzUITests */,
				A6CEDB962048F70800E0B04E /* Products */,
			);
			sourceTree = "<group>";
		};
		A6CEDB962048F70800E0B04E /* Products */ = {
			isa = PBXGroup;
			children = (
				A6CEDB952048F70800E0B04E /* TDD-FizzBuzz.app */,
				A6CEDBA92048F70800E0B04E /* TDD-FizzBuzzTests.xctest */,
				A6CEDBB42048F70800E0B04E /* TDD-FizzBuzzUITests.xctest */,
			);
			name = Products;
			sourceTree = "<group>";
		};
		A6CEDB972048F70800E0B04E /* TDD-FizzBuzz */ = {
			isa = PBXGroup;
			children = (
				A6CEDB982048F70800E0B04E /* AppDelegate.swift */,
				A6CEDB9A2048F70800E0B04E /* ViewController.swift */,
				A6CEDB9C2048F70800E0B04E /* Main.storyboard */,
				A6CEDB9F2048F70800E0B04E /* Assets.xcassets */,
				A6CEDBA12048F70800E0B04E /* LaunchScreen.storyboard */,
				A6CEDBA42048F70800E0B04E /* Info.plist */,
			);
			path = "TDD-FizzBuzz";
			sourceTree = "<group>";
		};
		A6CEDBAC2048F70800E0B04E /* TDD-FizzBuzzTests */ = {
			isa = PBXGroup;
			children = (
				A6CEDBAD2048F70800E0B04E /* TDD_FizzBuzzTests.swift */,
				A6CEDBAF2048F70800E0B04E /* Info.plist */,
			);
			path = "TDD-FizzBuzzTests";
			sourceTree = "<group>";
		};
		A6CEDBB72048F70800E0B04E /* TDD-FizzBuzzUITests */ = {
			isa = PBXGroup;
			children = (
				A6CEDBB82048F70800E0B04E /* TDD_FizzBuzzUITests.swift */,
				A6CEDBBA2048F70800E0B04E /* Info.plist */,
			);
			path = "TDD-FizzBuzzUITests";
			sourceTree = "<group>";
		};
/* End PBXGroup section */

/* Begin PBXNativeTarget section */
		A6CEDB942048F70800E0B04E /* TDD-FizzBuzz */ = {
			isa = PBXNativeTarget;
			buildConfigurationList = A6CEDBBD2048F70800E0B04E /* Build configuration list for PBXNativeTarget "TDD-FizzBuzz" */;
			buildPhases = (
				A6CEDB912048F70800E0B04E /* Sources */,
				A6CEDB922048F70800E0B04E /* Frameworks */,
				A6CEDB932048F70800E0B04E /* Resources */,
			);
			buildRules = (
			);
			dependencies = (
			);
			name = "TDD-FizzBuzz";
			productName = "TDD-FizzBuzz";
			productReference = A6CEDB952048F70800E0B04E /* TDD-FizzBuzz.app */;
			productType = "com.apple.product-type.application";
		};
		A6CEDBA82048F70800E0B04E /* TDD-FizzBuzzTests */ = {
			isa = PBXNativeTarget;
			buildConfigurationList = A6CEDBC02048F70800E0B04E /* Build configuration list for PBXNativeTarget "TDD-FizzBuzzTests" */;
			buildPhases = (
				A6CEDBA52048F70800E0B04E /* Sources */,
				A6CEDBA62048F70800E0B04E /* Frameworks */,
				A6CEDBA72048F70800E0B04E /* Resources */,
			);
			buildRules = (
			);
			dependencies = (
				A6CEDBAB2048F70800E0B04E /* PBXTargetDependency */,
			);
			name = "TDD-FizzBuzzTests";
			productName = "TDD-FizzBuzzTests";
			productReference = A6CEDBA92048F70800E0B04E /* TDD-FizzBuzzTests.xctest */;
			productType = "com.apple.product-type.bundle.unit-test";
		};
		A6CEDBB32048F70800E0B04E /* TDD-FizzBuzzUITests */ = {
			isa = PBXNativeTarget;
			buildConfigurationList = A6CEDBC32048F70800E0B04E /* Build configuration list for PBXNativeTarget "TDD-FizzBuzzUITests" */;
			buildPhases = (
				A6CEDBB02048F70800E0B04E /* Sources */,
				A6CEDBB12048F70800E0B04E /* Frameworks */,
				A6CEDBB22048F70800E0B04E /* Resources */,
			);
			buildRules = (
			);
			dependencies = (
				A6CEDBB62048F70800E0B04E /* PBXTargetDependency */,
			);
			name = "TDD-FizzBuzzUITests";
			productName = "TDD-FizzBuzzUITests";
			productReference = A6CEDBB42048F70800E0B04E /* TDD-FizzBuzzUITests.xctest */;
			productType = "com.apple.product-type.bundle.ui-testing";
		};
/* End PBXNativeTarget section */

/* Begin PBXProject section */
		A6CEDB8D2048F70700E0B04E /* Project object */ = {
			isa = PBXProject;
			attributes = {
				LastSwiftUpdateCheck = 0900;
				LastUpgradeCheck = 0900;
				ORGANIZATIONNAME = "Bharath Kamath";
				TargetAttributes = {
					A6CEDB942048F70800E0B04E = {
						CreatedOnToolsVersion = 9.0.1;
						ProvisioningStyle = Automatic;
					};
					A6CEDBA82048F70800E0B04E = {
						CreatedOnToolsVersion = 9.0.1;
						ProvisioningStyle = Automatic;
						TestTargetID = A6CEDB942048F70800E0B04E;
					};
					A6CEDBB32048F70800E0B04E = {
						CreatedOnToolsVersion = 9.0.1;
						ProvisioningStyle = Automatic;
						TestTargetID = A6CEDB942048F70800E0B04E;
					};
				};
			};
			buildConfigurationList = A6CEDB902048F70700E0B04E /* Build configuration list for PBXProject "TDD-FizzBuzz" */;
			compatibilityVersion = "Xcode 8.0";
			developmentRegion = en;
			hasScannedForEncodings = 0;
			knownRegions = (
				en,
				Base,
			);
			mainGroup = A6CEDB8C2048F70700E0B04E;
			productRefGroup = A6CEDB962048F70800E0B04E /* Products */;
			projectDirPath = "";
			projectRoot = "";
			targets = (
				A6CEDB942048F70800E0B04E /* TDD-FizzBuzz */,
				A6CEDBA82048F70800E0B04E /* TDD-FizzBuzzTests */,
				A6CEDBB32048F70800E0B04E /* TDD-FizzBuzzUITests */,
			);
		};
/* End PBXProject section */

/* Begin PBXResourcesBuildPhase section */
		A6CEDB932048F70800E0B04E /* Resources */ = {
			isa = PBXResourcesBuildPhase;
			buildActionMask = 2147483647;
			files = (
				A6CEDBA32048F70800E0B04E /* LaunchScreen.storyboard in Resources */,
				A6CEDBA02048F70800E0B04E /* Assets.xcassets in Resources */,
				A6CEDB9E2048F70800E0B04E /* Main.storyboard in Resources */,
			);
			runOnlyForDeploymentPostprocessing = 0;
		};
		A6CEDBA72048F70800E0B04E /* Resources */ = {
			isa = PBXResourcesBuildPhase;
			buildActionMask = 2147483647;
			files = (
			);
			runOnlyForDeploymentPostprocessing = 0;
		};
		A6CEDBB22048F70800E0B04E /* Resources */ = {
			isa = PBXResourcesBuildPhase;
			buildActionMask = 2147483647;
			files = (
			);
			runOnlyForDeploymentPostprocessing = 0;
		};
/* End PBXResourcesBuildPhase section */

/* Begin PBXSourcesBuildPhase section */
		A6CEDB912048F70800E0B04E /* Sources */ = {
			isa = PBXSourcesBuildPhase;
			buildActionMask = 2147483647;
			files = (
				A6CEDB9B2048F70800E0B04E /* ViewController.swift in Sources */,
				A6CEDB992048F70800E0B04E /* AppDelegate.swift in Sources */,
			);
			runOnlyForDeploymentPostprocessing = 0;
		};
		A6CEDBA52048F70800E0B04E /* Sources */ = {
			isa = PBXSourcesBuildPhase;
			buildActionMask = 2147483647;
			files = (
				A6CEDBAE2048F70800E0B04E /* TDD_FizzBuzzTests.swift in Sources */,
			);
			runOnlyForDeploymentPostprocessing = 0;
		};
		A6CEDBB02048F70800E0B04E /* Sources */ = {
			isa = PBXSourcesBuildPhase;
			buildActionMask = 2147483647;
			files = (
				A6CEDBB92048F70800E0B04E /* TDD_FizzBuzzUITests.swift in Sources */,
			);
			runOnlyForDeploymentPostprocessing = 0;
		};
/* End PBXSourcesBuildPhase section */

/* Begin PBXTargetDependency section */
		A6CEDBAB2048F70800E0B04E /* PBXTargetDependency */ = {
			isa = PBXTargetDependency;
			target = A6CEDB942048F70800E0B04E /* TDD-FizzBuzz */;
			targetProxy = A6CEDBAA2048F70800E0B04E /* PBXContainerItemProxy */;
		};
		A6CEDBB62048F70800E0B04E /* PBXTargetDependency */ = {
			isa = PBXTargetDependency;
			target = A6CEDB942048F70800E0B04E /* TDD-FizzBuzz */;
			targetProxy = A6CEDBB52048F70800E0B04E /* PBXContainerItemProxy */;
		};
/* End PBXTargetDependency section */

/* Begin PBXVariantGroup section */
		A6CEDB9C2048F70800E0B04E /* Main.storyboard */ = {
			isa = PBXVariantGroup;
			children = (
				A6CEDB9D2048F70800E0B04E /* Base */,
			);
			name = Main.storyboard;
			sourceTree = "<group>";
		};
		A6CEDBA12048F70800E0B04E /* LaunchScreen.storyboard */ = {
			isa = PBXVariantGroup;
			children = (
				A6CEDBA22048F70800E0B04E /* Base */,
			);
			name = LaunchScreen.storyboard;
			sourceTree = "<group>";
		};
/* End PBXVariantGroup section */

/* Begin XCBuildConfiguration section */
		A6CEDBBB2048F70800E0B04E /* Debug */ = {
			isa = XCBuildConfiguration;
			buildSettings = {
				ALWAYS_SEARCH_USER_PATHS = NO;
				CLANG_ANALYZER_NONNULL = YES;
				CLANG_ANALYZER_NUMBER_OBJECT_CONVERSION = YES_AGGRESSIVE;
				CLANG_CXX_LANGUAGE_STANDARD = "gnu++14";
				CLANG_CXX_LIBRARY = "libc++";
				CLANG_ENABLE_MODULES = YES;
				CLANG_ENABLE_OBJC_ARC = YES;
				CLANG_WARN_BLOCK_CAPTURE_AUTORELEASING = YES;
				CLANG_WARN_BOOL_CONVERSION = YES;
				CLANG_WARN_COMMA = YES;
				CLANG_WARN_CONSTANT_CONVERSION = YES;
				CLANG_WARN_DIRECT_OBJC_ISA_USAGE = YES_ERROR;
				CLANG_WARN_DOCUMENTATION_COMMENTS = YES;
				CLANG_WARN_EMPTY_BODY = YES;
				CLANG_WARN_ENUM_CONVERSION = YES;
				CLANG_WARN_INFINITE_RECURSION = YES;
				CLANG_WARN_INT_CONVERSION = YES;
				CLANG_WARN_NON_LITERAL_NULL_CONVERSION = YES;
				CLANG_WARN_OBJC_LITERAL_CONVERSION = YES;
				CLANG_WARN_OBJC_ROOT_CLASS = YES_ERROR;
				CLANG_WARN_RANGE_LOOP_ANALYSIS = YES;
				CLANG_WARN_STRICT_PROTOTYPES = YES;
				CLANG_WARN_SUSPICIOUS_MOVE = YES;
				CLANG_WARN_UNGUARDED_AVAILABILITY = YES_AGGRESSIVE;
				CLANG_WARN_UNREACHABLE_CODE = YES;
				CLANG_WARN__DUPLICATE_METHOD_MATCH = YES;
				CODE_SIGN_IDENTITY = "iPhone Developer";
				COPY_PHASE_STRIP = NO;
				DEBUG_INFORMATION_FORMAT = dwarf;
				ENABLE_STRICT_OBJC_MSGSEND = YES;
				ENABLE_TESTABILITY = YES;
				GCC_C_LANGUAGE_STANDARD = gnu11;
				GCC_DYNAMIC_NO_PIC = NO;
				GCC_NO_COMMON_BLOCKS = YES;
				GCC_OPTIMIZATION_LEVEL = 0;
				GCC_PREPROCESSOR_DEFINITIONS = (
					"DEBUG=1",
					"$(inherited)",
				);
				GCC_WARN_64_TO_32_BIT_CONVERSION = YES;
				GCC_WARN_ABOUT_RETURN_TYPE = YES_ERROR;
				GCC_WARN_UNDECLARED_SELECTOR = YES;
				GCC_WARN_UNINITIALIZED_AUTOS = YES_AGGRESSIVE;
				GCC_WARN_UNUSED_FUNCTION = YES;
				GCC_WARN_UNUSED_VARIABLE = YES;
				IPHONEOS_DEPLOYMENT_TARGET = 11.0;
				MTL_ENABLE_DEBUG_INFO = YES;
				ONLY_ACTIVE_ARCH = YES;
				SDKROOT = iphoneos;
				SWIFT_ACTIVE_COMPILATION_CONDITIONS = DEBUG;
				SWIFT_OPTIMIZATION_LEVEL = "-Onone";
			};
			name = Debug;
		};
		A6CEDBBC2048F70800E0B04E /* Release */ = {
			isa = XCBuildConfiguration;
			buildSettings = {
				ALWAYS_SEARCH_USER_PATHS = NO;
				CLANG_ANALYZER_NONNULL = YES;
				CLANG_ANALYZER_NUMBER_OBJECT_CONVERSION = YES_AGGRESSIVE;
				CLANG_CXX_LANGUAGE_STANDARD = "gnu++14";
				CLANG_CXX_LIBRARY = "libc++";
				CLANG_ENABLE_MODULES = YES;
				CLANG_ENABLE_OBJC_ARC = YES;
				CLANG_WARN_BLOCK_CAPTURE_AUTORELEASING = YES;
				CLANG_WARN_BOOL_CONVERSION = YES;
				CLANG_WARN_COMMA = YES;
				CLANG_WARN_CONSTANT_CONVERSION = YES;
				CLANG_WARN_DIRECT_OBJC_ISA_USAGE = YES_ERROR;
				CLANG_WARN_DOCUMENTATION_COMMENTS = YES;
				CLANG_WARN_EMPTY_BODY = YES;
				CLANG_WARN_ENUM_CONVERSION = YES;
				CLANG_WARN_INFINITE_RECURSION = YES;
				CLANG_WARN_INT_CONVERSION = YES;
				CLANG_WARN_NON_LITERAL_NULL_CONVERSION = YES;
				CLANG_WARN_OBJC_LITERAL_CONVERSION = YES;
				CLANG_WARN_OBJC_ROOT_CLASS = YES_ERROR;
				CLANG_WARN_RANGE_LOOP_ANALYSIS = YES;
				CLANG_WARN_STRICT_PROTOTYPES = YES;
				CLANG_WARN_SUSPICIOUS_MOVE = YES;
				CLANG_WARN_UNGUARDED_AVAILABILITY = YES_AGGRESSIVE;
				CLANG_WARN_UNREACHABLE_CODE = YES;
				CLANG_WARN__DUPLICATE_METHOD_MATCH = YES;
				CODE_SIGN_IDENTITY = "iPhone Developer";
				COPY_PHASE_STRIP = NO;
				DEBUG_INFORMATION_FORMAT = "dwarf-with-dsym";
				ENABLE_NS_ASSERTIONS = NO;
				ENABLE_STRICT_OBJC_MSGSEND = YES;
				GCC_C_LANGUAGE_STANDARD = gnu11;
				GCC_NO_COMMON_BLOCKS = YES;
				GCC_WARN_64_TO_32_BIT_CONVERSION = YES;
				GCC_WARN_ABOUT_RETURN_TYPE = YES_ERROR;
				GCC_WARN_UNDECLARED_SELECTOR = YES;
				GCC_WARN_UNINITIALIZED_AUTOS = YES_AGGRESSIVE;
				GCC_WARN_UNUSED_FUNCTION = YES;
				GCC_WARN_UNUSED_VARIABLE = YES;
				IPHONEOS_DEPLOYMENT_TARGET = 11.0;
				MTL_ENABLE_DEBUG_INFO = NO;
				SDKROOT = iphoneos;
				SWIFT_OPTIMIZATION_LEVEL = "-Owholemodule";
				VALIDATE_PRODUCT = YES;
			};
			name = Release;
		};
		A6CEDBBE2048F70800E0B04E /* Debug */ = {
			isa = XCBuildConfiguration;
			buildSettings = {
				ASSETCATALOG_COMPILER_APPICON_NAME = AppIcon;
				CODE_SIGN_STYLE = Automatic;
				INFOPLIST_FILE = "TDD-FizzBuzz/Info.plist";
				LD_RUNPATH_SEARCH_PATHS = "$(inherited) @executable_path/Frameworks";
				PRODUCT_BUNDLE_IDENTIFIER = "com.bk.TDD-FizzBuzz";
				PRODUCT_NAME = "$(TARGET_NAME)";
				SWIFT_VERSION = 4.0;
				TARGETED_DEVICE_FAMILY = "1,2";
			};
			name = Debug;
		};
		A6CEDBBF2048F70800E0B04E /* Release */ = {
			isa = XCBuildConfiguration;
			buildSettings = {
				ASSETCATALOG_COMPILER_APPICON_NAME = AppIcon;
				CODE_SIGN_STYLE = Automatic;
				INFOPLIST_FILE = "TDD-FizzBuzz/Info.plist";
				LD_RUNPATH_SEARCH_PATHS = "$(inherited) @executable_path/Frameworks";
				PRODUCT_BUNDLE_IDENTIFIER = "com.bk.TDD-FizzBuzz";
				PRODUCT_NAME = "$(TARGET_NAME)";
				SWIFT_VERSION = 4.0;
				TARGETED_DEVICE_FAMILY = "1,2";
			};
			name = Release;
		};
		A6CEDBC12048F70800E0B04E /* Debug */ = {
			isa = XCBuildConfiguration;
			buildSettings = {
				ALWAYS_EMBED_SWIFT_STANDARD_LIBRARIES = YES;
				BUNDLE_LOADER = "$(TEST_HOST)";
				CODE_SIGN_STYLE = Automatic;
				INFOPLIST_FILE = "TDD-FizzBuzzTests/Info.plist";
				LD_RUNPATH_SEARCH_PATHS = "$(inherited) @executable_path/Frameworks @loader_path/Frameworks";
				PRODUCT_BUNDLE_IDENTIFIER = "com.bk.TDD-FizzBuzzTests";
				PRODUCT_NAME = "$(TARGET_NAME)";
				SWIFT_VERSION = 4.0;
				TARGETED_DEVICE_FAMILY = "1,2";
				TEST_HOST = "$(BUILT_PRODUCTS_DIR)/TDD-FizzBuzz.app/TDD-FizzBuzz";
			};
			name = Debug;
		};
		A6CEDBC22048F70800E0B04E /* Release */ = {
			isa = XCBuildConfiguration;
			buildSettings = {
				ALWAYS_EMBED_SWIFT_STANDARD_LIBRARIES = YES;
				BUNDLE_LOADER = "$(TEST_HOST)";
				CODE_SIGN_STYLE = Automatic;
				INFOPLIST_FILE = "TDD-FizzBuzzTests/Info.plist";
				LD_RUNPATH_SEARCH_PATHS = "$(inherited) @executable_path/Frameworks @loader_path/Frameworks";
				PRODUCT_BUNDLE_IDENTIFIER = "com.bk.TDD-FizzBuzzTests";
				PRODUCT_NAME = "$(TARGET_NAME)";
				SWIFT_VERSION = 4.0;
				TARGETED_DEVICE_FAMILY = "1,2";
				TEST_HOST = "$(BUILT_PRODUCTS_DIR)/TDD-FizzBuzz.app/TDD-FizzBuzz";
			};
			name = Release;
		};
		A6CEDBC42048F70800E0B04E /* Debug */ = {
			isa = XCBuildConfiguration;
			buildSettings = {
				ALWAYS_EMBED_SWIFT_STANDARD_LIBRARIES = YES;
				CODE_SIGN_STYLE = Automatic;
				INFOPLIST_FILE = "TDD-FizzBuzzUITests/Info.plist";
				LD_RUNPATH_SEARCH_PATHS = "$(inherited) @executable_path/Frameworks @loader_path/Frameworks";
				PRODUCT_BUNDLE_IDENTIFIER = "com.bk.TDD-FizzBuzzUITests";
				PRODUCT_NAME = "$(TARGET_NAME)";
				SWIFT_VERSION = 4.0;
				TARGETED_DEVICE_FAMILY = "1,2";
				TEST_TARGET_NAME = "TDD-FizzBuzz";
			};
			name = Debug;
		};
		A6CEDBC52048F70800E0B04E /* Release */ = {
			isa = XCBuildConfiguration;
			buildSettings = {
				ALWAYS_EMBED_SWIFT_STANDARD_LIBRARIES = YES;
				CODE_SIGN_STYLE = Automatic;
				INFOPLIST_FILE = "TDD-FizzBuzzUITests/Info.plist";
				LD_RUNPATH_SEARCH_PATHS = "$(inherited) @executable_path/Frameworks @loader_path/Frameworks";
				PRODUCT_BUNDLE_IDENTIFIER = "com.bk.TDD-FizzBuzzUITests";
				PRODUCT_NAME = "$(TARGET_NAME)";
				SWIFT_VERSION = 4.0;
				TARGETED_DEVICE_FAMILY = "1,2";
				TEST_TARGET_NAME = "TDD-FizzBuzz";
			};
			name = Release;
		};
/* End XCBuildConfiguration section */

/* Begin XCConfigurationList section */
		A6CEDB902048F70700E0B04E /* Build configuration list for PBXProject "TDD-FizzBuzz" */ = {
			isa = XCConfigurationList;
			buildConfigurations = (
				A6CEDBBB2048F70800E0B04E /* Debug */,
				A6CEDBBC2048F70800E0B04E /* Release */,
			);
			defaultConfigurationIsVisible = 0;
			defaultConfigurationName = Release;
		};
		A6CEDBBD2048F70800E0B04E /* Build configuration list for PBXNativeTarget "TDD-FizzBuzz" */ = {
			isa = XCConfigurationList;
			buildConfigurations = (
				A6CEDBBE2048F70800E0B04E /* Debug */,
				A6CEDBBF2048F70800E0B04E /* Release */,
			);
			defaultConfigurationIsVisible = 0;
			defaultConfigurationName = Release;
		};
		A6CEDBC02048F70800E0B04E /* Build configuration list for PBXNativeTarget "TDD-FizzBuzzTests" */ = {
			isa = XCConfigurationList;
			buildConfigurations = (
				A6CEDBC12048F70800E0B04E /* Debug */,
				A6CEDBC22048F70800E0B04E /* Release */,
			);
			defaultConfigurationIsVisible = 0;
			defaultConfigurationName = Release;
		};
		A6CEDBC32048F70800E0B04E /* Build configuration list for PBXNativeTarget "TDD-FizzBuzzUITests" */ = {
			isa = XCConfigurationList;
			buildConfigurations = (
				A6CEDBC42048F70800E0B04E /* Debug */,
				A6CEDBC52048F70800E0B04E /* Release */,
			);
			defaultConfigurationIsVisible = 0;
			defaultConfigurationName = Release;
		};
/* End XCConfigurationList section */
	};
	rootObject = A6CEDB8D2048F70700E0B04E /* Project object */;
}
